
Microsoft Visual Studio Solution File, Format Version 12.00
Project("{FAE04EC0-301F-11D3-BF4B-00C04F79EFBC}") = "FreshVeg.Services", "FreshVeg.Services\FreshVeg.Services.csproj", "{A17D7A47-0006-4D07-A93D-3CFF17A34A9C}"
EndProject
Project("{FAE04EC0-301F-11D3-BF4B-00C04F79EFBC}") = "FreshVeg.Models", "FreshVeg.Models\FreshVeg.Models.csproj", "{B85F06A5-5250-459B-915C-382841E23B9D}"
EndProject
Project("{FAE04EC0-301F-11D3-BF4B-00C04F79EFBC}") = "FreshVeg.Data", "FreshVeg.Data\FreshVeg.Data.csproj", "{DCAE621F-6D8B-4496-B38F-BA5D23C862F7}"
EndProject
Project("{FAE04EC0-301F-11D3-BF4B-00C04F79EFBC}") = "FreshVeg.API", "FreshVeg.API\FreshVeg.API.csproj", "{17C0C9B7-65B1-4FF5-BB6C-759D08BE6296}"
EndProject
Project("{2150E333-8FDC-42A3-9474-1A3956D46DE8}") = "Root", "Root", "{1536CBEC-E29F-4C9D-919C-0505E430F625}"
ProjectSection(SolutionItems) = preProject
	Dockerfile = Dockerfile
EndProjectSection
EndProject
Project("{FAE04EC0-301F-11D3-BF4B-00C04F79EFBC}") = "FreshVeg.API.Tests", "FreshVeg.API.Tests\FreshVeg.API.Tests.csproj", "{7D73F3B8-16AF-49B4-B0A5-ED80F15C3499}"
EndProject
Project("{FAE04EC0-301F-11D3-BF4B-00C04F79EFBC}") = "FreshVeg.Common", "FreshVeg.Common\FreshVeg.Common.csproj", "{60E3F3FA-DF61-4504-9ABF-EEBBA532F184}"
EndProject
Project("{FAE04EC0-301F-11D3-BF4B-00C04F79EFBC}") = "FreshVeg.Web", "FreshVeg.WebClient\FreshVeg.Web.csproj", "{E24AE305-E7D2-4020-91AE-637D77470331}"
EndProject
Global
	GlobalSection(SolutionConfigurationPlatforms) = preSolution
		Debug|Any CPU = Debug|Any CPU
		Release|Any CPU = Release|Any CPU
	EndGlobalSection
	GlobalSection(ProjectConfigurationPlatforms) = postSolution
		{A17D7A47-0006-4D07-A93D-3CFF17A34A9C}.Debug|Any CPU.ActiveCfg = Debug|Any CPU
		{A17D7A47-0006-4D07-A93D-3CFF17A34A9C}.Debug|Any CPU.Build.0 = Debug|Any CPU
		{A17D7A47-0006-4D07-A93D-3CFF17A34A9C}.Release|Any CPU.ActiveCfg = Release|Any CPU
		{A17D7A47-0006-4D07-A93D-3CFF17A34A9C}.Release|Any CPU.Build.0 = Release|Any CPU
		{B85F06A5-5250-459B-915C-382841E23B9D}.Debug|Any CPU.ActiveCfg = Debug|Any CPU
		{B85F06A5-5250-459B-915C-382841E23B9D}.Debug|Any CPU.Build.0 = Debug|Any CPU
		{B85F06A5-5250-459B-915C-382841E23B9D}.Release|Any CPU.ActiveCfg = Release|Any CPU
		{B85F06A5-5250-459B-915C-382841E23B9D}.Release|Any CPU.Build.0 = Release|Any CPU
		{DCAE621F-6D8B-4496-B38F-BA5D23C862F7}.Debug|Any CPU.ActiveCfg = Debug|Any CPU
		{DCAE621F-6D8B-4496-B38F-BA5D23C862F7}.Debug|Any CPU.Build.0 = Debug|Any CPU
		{DCAE621F-6D8B-4496-B38F-BA5D23C862F7}.Release|Any CPU.ActiveCfg = Release|Any CPU
		{DCAE621F-6D8B-4496-B38F-BA5D23C862F7}.Release|Any CPU.Build.0 = Release|Any CPU
		{17C0C9B7-65B1-4FF5-BB6C-759D08BE6296}.Debug|Any CPU.ActiveCfg = Debug|Any CPU
		{17C0C9B7-65B1-4FF5-BB6C-759D08BE6296}.Debug|Any CPU.Build.0 = Debug|Any CPU
		{17C0C9B7-65B1-4FF5-BB6C-759D08BE6296}.Release|Any CPU.ActiveCfg = Release|Any CPU
		{17C0C9B7-65B1-4FF5-BB6C-759D08BE6296}.Release|Any CPU.Build.0 = Release|Any CPU
		{7D73F3B8-16AF-49B4-B0A5-ED80F15C3499}.Debug|Any CPU.ActiveCfg = Debug|Any CPU
		{7D73F3B8-16AF-49B4-B0A5-ED80F15C3499}.Debug|Any CPU.Build.0 = Debug|Any CPU
		{7D73F3B8-16AF-49B4-B0A5-ED80F15C3499}.Release|Any CPU.ActiveCfg = Release|Any CPU
		{7D73F3B8-16AF-49B4-B0A5-ED80F15C3499}.Release|Any CPU.Build.0 = Release|Any CPU
		{60E3F3FA-DF61-4504-9ABF-EEBBA532F184}.Debug|Any CPU.ActiveCfg = Debug|Any CPU
		{60E3F3FA-DF61-4504-9ABF-EEBBA532F184}.Debug|Any CPU.Build.0 = Debug|Any CPU
		{60E3F3FA-DF61-4504-9ABF-EEBBA532F184}.Release|Any CPU.ActiveCfg = Release|Any CPU
		{60E3F3FA-DF61-4504-9ABF-EEBBA532F184}.Release|Any CPU.Build.0 = Release|Any CPU
		{E24AE305-E7D2-4020-91AE-637D77470331}.Debug|Any CPU.ActiveCfg = Debug|Any CPU
		{E24AE305-E7D2-4020-91AE-637D77470331}.Debug|Any CPU.Build.0 = Debug|Any CPU
		{E24AE305-E7D2-4020-91AE-637D77470331}.Release|Any CPU.ActiveCfg = Release|Any CPU
		{E24AE305-E7D2-4020-91AE-637D77470331}.Release|Any CPU.Build.0 = Release|Any CPU
	EndGlobalSection
	GlobalSection(NestedProjects) = preSolution
		{17C0C9B7-65B1-4FF5-BB6C-759D08BE6296} = {1536CBEC-E29F-4C9D-919C-0505E430F625}
		{DCAE621F-6D8B-4496-B38F-BA5D23C862F7} = {1536CBEC-E29F-4C9D-919C-0505E430F625}
		{B85F06A5-5250-459B-915C-382841E23B9D} = {1536CBEC-E29F-4C9D-919C-0505E430F625}
		{A17D7A47-0006-4D07-A93D-3CFF17A34A9C} = {1536CBEC-E29F-4C9D-919C-0505E430F625}
		{7D73F3B8-16AF-49B4-B0A5-ED80F15C3499} = {1536CBEC-E29F-4C9D-919C-0505E430F625}
		{60E3F3FA-DF61-4504-9ABF-EEBBA532F184} = {1536CBEC-E29F-4C9D-919C-0505E430F625}
		{E24AE305-E7D2-4020-91AE-637D77470331} = {1536CBEC-E29F-4C9D-919C-0505E430F625}
	EndGlobalSection
EndGlobal
