
Microsoft Visual Studio Solution File, Format Version 12.00
Project("{FAE04EC0-301F-11D3-BF4B-00C04F79EFBC}") = "WebAPI", "WebAPI\WebAPI.csproj", "{90B3D853-9C4B-44B6-9EA2-F8CC2BFC6F85}"
EndProject
Global
	GlobalSection(SolutionConfigurationPlatforms) = preSolution
		Debug|Any CPU = Debug|Any CPU
		Release|Any CPU = Release|Any CPU
	EndGlobalSection
	GlobalSection(ProjectConfigurationPlatforms) = postSolution
		{90B3D853-9C4B-44B6-9EA2-F8CC2BFC6F85}.Debug|Any CPU.ActiveCfg = Debug|Any CPU
		{90B3D853-9C4B-44B6-9EA2-F8CC2BFC6F85}.Debug|Any CPU.Build.0 = Debug|Any CPU
		{90B3D853-9C4B-44B6-9EA2-F8CC2BFC6F85}.Release|Any CPU.ActiveCfg = Release|Any CPU
		{90B3D853-9C4B-44B6-9EA2-F8CC2BFC6F85}.Release|Any CPU.Build.0 = Release|Any CPU
	EndGlobalSection
EndGlobal
